
Microsoft Visual Studio Solution File, Format Version 12.00
# Visual Studio 15
Project("{FAE04EC0-301F-11D3-BF4B-00C04F79EFBC}") = "XamarinGooglePlacesBug", "XamarinGooglePlacesBug\XamarinGooglePlacesBug.csproj", "{96BB2F0C-7FF2-4736-BC04-4C416AD71BC8}"
EndProject
Global
	GlobalSection(SolutionConfigurationPlatforms) = preSolution
		Debug|Any CPU = Debug|Any CPU
		Release|Any CPU = Release|Any CPU
	EndGlobalSection
	GlobalSection(ProjectConfigurationPlatforms) = postSolution
		{96BB2F0C-7FF2-4736-BC04-4C416AD71BC8}.Debug|Any CPU.ActiveCfg = Debug|Any CPU
		{96BB2F0C-7FF2-4736-BC04-4C416AD71BC8}.Debug|Any CPU.Build.0 = Debug|Any CPU
		{96BB2F0C-7FF2-4736-BC04-4C416AD71BC8}.Release|Any CPU.ActiveCfg = Release|Any CPU
		{96BB2F0C-7FF2-4736-BC04-4C416AD71BC8}.Release|Any CPU.Build.0 = Release|Any CPU
	EndGlobalSection
EndGlobal
